
Microsoft Visual Studio Solution File, Format Version 12.00
# Visual Studio Version 16
VisualStudioVersion = 16.0.31424.327
MinimumVisualStudioVersion = 10.0.40219.1
Project("{8BC9CEB8-8B4A-11D0-8D11-00A0C91BC942}") = "栈", "栈\栈.vcxproj", "{C97735C1-5313-4035-A56F-7069E4E991C9}"
EndProject
Global
	GlobalSection(SolutionConfigurationPlatforms) = preSolution
		Debug|x64 = Debug|x64
		Debug|x86 = Debug|x86
		Release|x64 = Release|x64
		Release|x86 = Release|x86
	EndGlobalSection
	GlobalSection(ProjectConfigurationPlatforms) = postSolution
		{C97735C1-5313-4035-A56F-7069E4E991C9}.Debug|x64.ActiveCfg = Debug|x64
		{C97735C1-5313-4035-A56F-7069E4E991C9}.Debug|x64.Build.0 = Debug|x64
		{C97735C1-5313-4035-A56F-7069E4E991C9}.Debug|x86.ActiveCfg = Debug|Win32
		{C97735C1-5313-4035-A56F-7069E4E991C9}.Debug|x86.Build.0 = Debug|Win32
		{C97735C1-5313-4035-A56F-7069E4E991C9}.Release|x64.ActiveCfg = Release|x64
		{C97735C1-5313-4035-A56F-7069E4E991C9}.Release|x64.Build.0 = Release|x64
		{C97735C1-5313-4035-A56F-7069E4E991C9}.Release|x86.ActiveCfg = Release|Win32
		{C97735C1-5313-4035-A56F-7069E4E991C9}.Release|x86.Build.0 = Release|Win32
	EndGlobalSection
	GlobalSection(SolutionProperties) = preSolution
		HideSolutionNode = FALSE
	EndGlobalSection
	GlobalSection(ExtensibilityGlobals) = postSolution
		SolutionGuid = {4A0B4D34-1F54-46F1-AB1B-048C4CD0ADC1}
	EndGlobalSection
EndGlobal
