
Microsoft Visual Studio Solution File, Format Version 12.00
# Visual Studio Version 17
VisualStudioVersion = 17.1.32407.343
MinimumVisualStudioVersion = 10.0.40219.1
Project("{8BC9CEB8-8B4A-11D0-8D11-00A0C91BC942}") = "class2", "class2\class2.vcxproj", "{4BB88E4D-4593-49FC-9061-4C8C4DE73C13}"
EndProject
Global
	GlobalSection(SolutionConfigurationPlatforms) = preSolution
		Debug|x64 = Debug|x64
		Debug|x86 = Debug|x86
		Release|x64 = Release|x64
		Release|x86 = Release|x86
	EndGlobalSection
	GlobalSection(ProjectConfigurationPlatforms) = postSolution
		{4BB88E4D-4593-49FC-9061-4C8C4DE73C13}.Debug|x64.ActiveCfg = Debug|x64
		{4BB88E4D-4593-49FC-9061-4C8C4DE73C13}.Debug|x64.Build.0 = Debug|x64
		{4BB88E4D-4593-49FC-9061-4C8C4DE73C13}.Debug|x86.ActiveCfg = Debug|Win32
		{4BB88E4D-4593-49FC-9061-4C8C4DE73C13}.Debug|x86.Build.0 = Debug|Win32
		{4BB88E4D-4593-49FC-9061-4C8C4DE73C13}.Release|x64.ActiveCfg = Release|x64
		{4BB88E4D-4593-49FC-9061-4C8C4DE73C13}.Release|x64.Build.0 = Release|x64
		{4BB88E4D-4593-49FC-9061-4C8C4DE73C13}.Release|x86.ActiveCfg = Release|Win32
		{4BB88E4D-4593-49FC-9061-4C8C4DE73C13}.Release|x86.Build.0 = Release|Win32
	EndGlobalSection
	GlobalSection(SolutionProperties) = preSolution
		HideSolutionNode = FALSE
	EndGlobalSection
	GlobalSection(ExtensibilityGlobals) = postSolution
		SolutionGuid = {ED3F0EB9-E69D-4BF5-8ADA-AC8985CB83E3}
	EndGlobalSection
EndGlobal
